
Microsoft Visual Studio Solution File, Format Version 12.00
# Visual Studio Version 17
VisualStudioVersion = 17.7.34024.191
MinimumVisualStudioVersion = 10.0.40219.1
Project("{FAE04EC0-301F-11D3-BF4B-00C04F79EFBC}") = "TextEditor", "TextEditor\TextEditor.csproj", "{30FF4752-9211-448C-B0B5-64803EFDF6C2}"
EndProject
Global
	GlobalSection(SolutionConfigurationPlatforms) = preSolution
		Debug|Any CPU = Debug|Any CPU
		Release|Any CPU = Release|Any CPU
	EndGlobalSection
	GlobalSection(ProjectConfigurationPlatforms) = postSolution
		{30FF4752-9211-448C-B0B5-64803EFDF6C2}.Debug|Any CPU.ActiveCfg = Debug|Any CPU
		{30FF4752-9211-448C-B0B5-64803EFDF6C2}.Debug|Any CPU.Build.0 = Debug|Any CPU
		{30FF4752-9211-448C-B0B5-64803EFDF6C2}.Release|Any CPU.ActiveCfg = Release|Any CPU
		{30FF4752-9211-448C-B0B5-64803EFDF6C2}.Release|Any CPU.Build.0 = Release|Any CPU
	EndGlobalSection
	GlobalSection(SolutionProperties) = preSolution
		HideSolutionNode = FALSE
	EndGlobalSection
	GlobalSection(ExtensibilityGlobals) = postSolution
		SolutionGuid = {CD678222-7202-40AE-891E-4502CEBD1186}
	EndGlobalSection
EndGlobal
